Microsoft Visual Studio Solution File, Format Version 12.00
# Visual Studio Version 17
VisualStudioVersion = 17.5.2.0
MinimumVisualStudioVersion = 10.0.40219.1
Project("{2150E333-8FDC-42A3-9474-1A3956D46DE8}") = "dotnet-sdk", "dotnet-sdk", "{4AF0975D-B4C5-4005-C24C-006309BFF8D4}"
EndProject
Project("{2150E333-8FDC-42A3-9474-1A3956D46DE8}") = "examples", "examples", "{B36A84DF-456D-A817-6EDD-3EC3E7F6E11F}"
EndProject
Project("{FAE04EC0-301F-11D3-BF4B-00C04F79EFBC}") = "Centricity.Observability", "dotnet-sdk\Centricity.Observability.csproj", "{2945CF1D-60AA-BD14-9AEF-B446B1B484B5}"
EndProject
Project("{FAE04EC0-301F-11D3-BF4B-00C04F79EFBC}") = "dotnet-service", "examples\dotnet-service\dotnet-service.csproj", "{FB71234A-3616-02C0-0AC1-61D75016C4B1}"
EndProject
Global
	GlobalSection(SolutionConfigurationPlatforms) = preSolution
		Debug|Any CPU = Debug|Any CPU
		Release|Any CPU = Release|Any CPU
	EndGlobalSection
	GlobalSection(ProjectConfigurationPlatforms) = postSolution
		{2945CF1D-60AA-BD14-9AEF-B446B1B484B5}.Debug|Any CPU.ActiveCfg = Debug|Any CPU
		{2945CF1D-60AA-BD14-9AEF-B446B1B484B5}.Debug|Any CPU.Build.0 = Debug|Any CPU
		{2945CF1D-60AA-BD14-9AEF-B446B1B484B5}.Release|Any CPU.ActiveCfg = Release|Any CPU
		{2945CF1D-60AA-BD14-9AEF-B446B1B484B5}.Release|Any CPU.Build.0 = Release|Any CPU
		{FB71234A-3616-02C0-0AC1-61D75016C4B1}.Debug|Any CPU.ActiveCfg = Debug|Any CPU
		{FB71234A-3616-02C0-0AC1-61D75016C4B1}.Debug|Any CPU.Build.0 = Debug|Any CPU
		{FB71234A-3616-02C0-0AC1-61D75016C4B1}.Release|Any CPU.ActiveCfg = Release|Any CPU
		{FB71234A-3616-02C0-0AC1-61D75016C4B1}.Release|Any CPU.Build.0 = Release|Any CPU
	EndGlobalSection
	GlobalSection(SolutionProperties) = preSolution
		HideSolutionNode = FALSE
	EndGlobalSection
	GlobalSection(NestedProjects) = preSolution
		{2945CF1D-60AA-BD14-9AEF-B446B1B484B5} = {4AF0975D-B4C5-4005-C24C-006309BFF8D4}
		{FB71234A-3616-02C0-0AC1-61D75016C4B1} = {B36A84DF-456D-A817-6EDD-3EC3E7F6E11F}
	EndGlobalSection
	GlobalSection(ExtensibilityGlobals) = postSolution
		SolutionGuid = {48516B7F-40C8-4565-A5EE-80BCA8088064}
	EndGlobalSection
EndGlobal
